
Microsoft Visual Studio Solution File, Format Version 12.00
# Visual Studio 15
VisualStudioVersion = 15.0.28307.168
MinimumVisualStudioVersion = 10.0.40219.1
Project("{FAE04EC0-301F-11D3-BF4B-00C04F79EFBC}") = "AspMiniCrm", "AspMiniCrm\AspMiniCrm.csproj", "{85F2043A-8380-4944-9467-8C3EFE020BBF}"
EndProject
Global
	GlobalSection(SolutionConfigurationPlatforms) = preSolution
		Debug|Any CPU = Debug|Any CPU
		Release|Any CPU = Release|Any CPU
	EndGlobalSection
	GlobalSection(ProjectConfigurationPlatforms) = postSolution
		{85F2043A-8380-4944-9467-8C3EFE020BBF}.Debug|Any CPU.ActiveCfg = Debug|Any CPU
		{85F2043A-8380-4944-9467-8C3EFE020BBF}.Debug|Any CPU.Build.0 = Debug|Any CPU
		{85F2043A-8380-4944-9467-8C3EFE020BBF}.Release|Any CPU.ActiveCfg = Release|Any CPU
		{85F2043A-8380-4944-9467-8C3EFE020BBF}.Release|Any CPU.Build.0 = Release|Any CPU
	EndGlobalSection
	GlobalSection(SolutionProperties) = preSolution
		HideSolutionNode = FALSE
	EndGlobalSection
	GlobalSection(ExtensibilityGlobals) = postSolution
		SolutionGuid = {3ECA2CFD-D3DE-4D82-9C19-DD1E9DE4C3D7}
	EndGlobalSection
EndGlobal
